
Microsoft Visual Studio Solution File, Format Version 12.00
# Visual Studio 15
VisualStudioVersion = 15.0.28307.1022
MinimumVisualStudioVersion = 10.0.40219.1
Project("{FAE04EC0-301F-11D3-BF4B-00C04F79EFBC}") = "Synerscope", "Synerscope\Synerscope.csproj", "{1E6F1764-25F8-4645-8349-15251626384F}"
EndProject
Global
	GlobalSection(SolutionConfigurationPlatforms) = preSolution
		Debug|Any CPU = Debug|Any CPU
		Release|Any CPU = Release|Any CPU
	EndGlobalSection
	GlobalSection(ProjectConfigurationPlatforms) = postSolution
		{1E6F1764-25F8-4645-8349-15251626384F}.Debug|Any CPU.ActiveCfg = Debug|Any CPU
		{1E6F1764-25F8-4645-8349-15251626384F}.Debug|Any CPU.Build.0 = Debug|Any CPU
		{1E6F1764-25F8-4645-8349-15251626384F}.Release|Any CPU.ActiveCfg = Release|Any CPU
		{1E6F1764-25F8-4645-8349-15251626384F}.Release|Any CPU.Build.0 = Release|Any CPU
	EndGlobalSection
	GlobalSection(SolutionProperties) = preSolution
		HideSolutionNode = FALSE
	EndGlobalSection
	GlobalSection(ExtensibilityGlobals) = postSolution
		SolutionGuid = {C67E5690-BD72-4C84-BA38-36DFEB55843A}
	EndGlobalSection
EndGlobal
